// !$*UTF8*$!
{
	archiveVersion = 1;
	classes = {
	};
	objectVersion = 46;
	objects = {

/* Begin PBXBuildFile section */
		D4559CD11D5EA6B300CA3FBE /* AppDelegate.swift in Sources */ = {isa = PBXBuildFile; fileRef = D4559CD01D5EA6B300CA3FBE /* AppDelegate.swift */; };
		D4559CD31D5EA6B300CA3FBE /* ViewController.swift in Sources */ = {isa = PBXBuildFile; fileRef = D4559CD21D5EA6B300CA3FBE /* ViewController.swift */; };
		D4559CD61D5EA6B300CA3FBE /* Main.storyboard in Resources */ = {isa = PBXBuildFile; fileRef = D4559CD41D5EA6B300CA3FBE /* Main.storyboard */; };
		D4559CD81D5EA6B300CA3FBE /* Assets.xcassets in Resources */ = {isa = PBXBuildFile; fileRef = D4559CD71D5EA6B300CA3FBE /* Assets.xcassets */; };
		D4559CDB1D5EA6B300CA3FBE /* LaunchScreen.storyboard in Resources */ = {isa = PBXBuildFile; fileRef = D4559CD91D5EA6B300CA3FBE /* LaunchScreen.storyboard */; };
/* End PBXBuildFile section */

/* Begin PBXFileReference section */
		D4559CCD1D5EA6B300CA3FBE /* Star Wars: The API Awakens.app */ = {isa = PBXFileReference; explicitFileType = wrapper.application; includeInIndex = 0; path = "Star Wars: The API Awakens.app"; sourceTree = BUILT_PRODUCTS_DIR; };
		D4559CD01D5EA6B300CA3FBE /* AppDelegate.swift */ = {isa = PBXFileReference; lastKnownFileType = sourcecode.swift; path = AppDelegate.swift; sourceTree = "<group>"; };
		D4559CD21D5EA6B300CA3FBE /* ViewController.swift */ = {isa = PBXFileReference; lastKnownFileType = sourcecode.swift; path = ViewController.swift; sourceTree = "<group>"; };
		D4559CD51D5EA6B300CA3FBE /* Base */ = {isa = PBXFileReference; lastKnownFileType = file.storyboard; name = Base; path = Base.lproj/Main.storyboard; sourceTree = "<group>"; };
		D4559CD71D5EA6B300CA3FBE /* Assets.xcassets */ = {isa = PBXFileReference; lastKnownFileType = folder.assetcatalog; path = Assets.xcassets; sourceTree = "<group>"; };
		D4559CDA1D5EA6B300CA3FBE /* Base */ = {isa = PBXFileReference; lastKnownFileType = file.storyboard; name = Base; path = Base.lproj/LaunchScreen.storyboard; sourceTree = "<group>"; };
		D4559CDC1D5EA6B300CA3FBE /* Info.plist */ = {isa = PBXFileReference; lastKnownFileType = text.plist.xml; path = Info.plist; sourceTree = "<group>"; };
/* End PBXFileReference section */

/* Begin PBXFrameworksBuildPhase section */
		D4559CCA1D5EA6B300CA3FBE /* Frameworks */ = {
			isa = PBXFrameworksBuildPhase;
			buildActionMask = 2147483647;
			files = (
			);
			runOnlyForDeploymentPostprocessing = 0;
		};
/* End PBXFrameworksBuildPhase section */

/* Begin PBXGroup section */
		D4559CC41D5EA6B300CA3FBE = {
			isa = PBXGroup;
			children = (
				D4559CCF1D5EA6B300CA3FBE /* Star Wars: The API Awakens */,
				D4559CCE1D5EA6B300CA3FBE /* Products */,
			);
			sourceTree = "<group>";
		};
		D4559CCE1D5EA6B300CA3FBE /* Products */ = {
			isa = PBXGroup;
			children = (
				D4559CCD1D5EA6B300CA3FBE /* Star Wars: The API Awakens.app */,
			);
			name = Products;
			sourceTree = "<group>";
		};
		D4559CCF1D5EA6B300CA3FBE /* Star Wars: The API Awakens */ = {
			isa = PBXGroup;
			children = (
				D4559CD01D5EA6B300CA3FBE /* AppDelegate.swift */,
				D4559CD21D5EA6B300CA3FBE /* ViewController.swift */,
				D4559CD41D5EA6B300CA3FBE /* Main.storyboard */,
				D4559CD71D5EA6B300CA3FBE /* Assets.xcassets */,
				D4559CD91D5EA6B300CA3FBE /* LaunchScreen.storyboard */,
				D4559CDC1D5EA6B300CA3FBE /* Info.plist */,
			);
			path = "Star Wars: The API Awakens";
			sourceTree = "<group>";
		};
/* End PBXGroup section */

/* Begin PBXNativeTarget section */
		D4559CCC1D5EA6B300CA3FBE /* Star Wars: The API Awakens */ = {
			isa = PBXNativeTarget;
			buildConfigurationList = D4559CDF1D5EA6B300CA3FBE /* Build configuration list for PBXNativeTarget "Star Wars: The API Awakens" */;
			buildPhases = (
				D4559CC91D5EA6B300CA3FBE /* Sources */,
				D4559CCA1D5EA6B300CA3FBE /* Frameworks */,
				D4559CCB1D5EA6B300CA3FBE /* Resources */,
			);
			buildRules = (
			);
			dependencies = (
			);
			name = "Star Wars: The API Awakens";
			productName = "Star Wars: The API Awakens";
			productReference = D4559CCD1D5EA6B300CA3FBE /* Star Wars: The API Awakens.app */;
			productType = "com.apple.product-type.application";
		};
/* End PBXNativeTarget section */

/* Begin PBXProject section */
		D4559CC51D5EA6B300CA3FBE /* Project object */ = {
			isa = PBXProject;
			attributes = {
				LastSwiftUpdateCheck = 0730;
				LastUpgradeCheck = 0730;
				ORGANIZATIONNAME = jsherratt;
				TargetAttributes = {
					D4559CCC1D5EA6B300CA3FBE = {
						CreatedOnToolsVersion = 7.3.1;
					};
				};
			};
			buildConfigurationList = D4559CC81D5EA6B300CA3FBE /* Build configuration list for PBXProject "Star Wars: The API Awakens" */;
			compatibilityVersion = "Xcode 3.2";
			developmentRegion = English;
			hasScannedForEncodings = 0;
			knownRegions = (
				en,
				Base,
			);
			mainGroup = D4559CC41D5EA6B300CA3FBE;
			productRefGroup = D4559CCE1D5EA6B300CA3FBE /* Products */;
			projectDirPath = "";
			projectRoot = "";
			targets = (
				D4559CCC1D5EA6B300CA3FBE /* Star Wars: The API Awakens */,
			);
		};
/* End PBXProject section */

/* Begin PBXResourcesBuildPhase section */
		D4559CCB1D5EA6B300CA3FBE /* Resources */ = {
			isa = PBXResourcesBuildPhase;
			buildActionMask = 2147483647;
			files = (
				D4559CDB1D5EA6B300CA3FBE /* LaunchScreen.storyboard in Resources */,
				D4559CD81D5EA6B300CA3FBE /* Assets.xcassets in Resources */,
				D4559CD61D5EA6B300CA3FBE /* Main.storyboard in Resources */,
			);
			runOnlyForDeploymentPostprocessing = 0;
		};
/* End PBXResourcesBuildPhase section */

/* Begin PBXSourcesBuildPhase section */
		D4559CC91D5EA6B300CA3FBE /* Sources */ = {
			isa = PBXSourcesBuildPhase;
			buildActionMask = 2147483647;
			files = (
				D4559CD31D5EA6B300CA3FBE /* ViewController.swift in Sources */,
				D4559CD11D5EA6B300CA3FBE /* AppDelegate.swift in Sources */,
			);
			runOnlyForDeploymentPostprocessing = 0;
		};
/* End PBXSourcesBuildPhase section */

/* Begin PBXVariantGroup section */
		D4559CD41D5EA6B300CA3FBE /* Main.storyboard */ = {
			isa = PBXVariantGroup;
			children = (
				D4559CD51D5EA6B300CA3FBE /* Base */,
			);
			name = Main.storyboard;
			sourceTree = "<group>";
		};
		D4559CD91D5EA6B300CA3FBE /* LaunchScreen.storyboard */ = {
			isa = PBXVariantGroup;
			children = (
				D4559CDA1D5EA6B300CA3FBE /* Base */,
			);
			name = LaunchScreen.storyboard;
			sourceTree = "<group>";
		};
/* End PBXVariantGroup section */

/* Begin XCBuildConfiguration section */
		D4559CDD1D5EA6B300CA3FBE /* Debug */ = {
			isa = XCBuildConfiguration;
			buildSettings = {
				ALWAYS_SEARCH_USER_PATHS = NO;
				CLANG_ANALYZER_NONNULL = YES;
				CLANG_CXX_LANGUAGE_STANDARD = "gnu++0x";
				CLANG_CXX_LIBRARY = "libc++";
				CLANG_ENABLE_MODULES = YES;
				CLANG_ENABLE_OBJC_ARC = YES;
				CLANG_WARN_BOOL_CONVERSION = YES;
				CLANG_WARN_CONSTANT_CONVERSION = YES;
				CLANG_WARN_DIRECT_OBJC_ISA_USAGE = YES_ERROR;
				CLANG_WARN_EMPTY_BODY = YES;
				CLANG_WARN_ENUM_CONVERSION = YES;
				CLANG_WARN_INT_CONVERSION = YES;
				CLANG_WARN_OBJC_ROOT_CLASS = YES_ERROR;
				CLANG_WARN_UNREACHABLE_CODE = YES;
				CLANG_WARN__DUPLICATE_METHOD_MATCH = YES;
				"CODE_SIGN_IDENTITY[sdk=iphoneos*]" = "iPhone Developer";
				COPY_PHASE_STRIP = NO;
				DEBUG_INFORMATION_FORMAT = dwarf;
				ENABLE_STRICT_OBJC_MSGSEND = YES;
				ENABLE_TESTABILITY = YES;
				GCC_C_LANGUAGE_STANDARD = gnu99;
				GCC_DYNAMIC_NO_PIC = NO;
				GCC_NO_COMMON_BLOCKS = YES;
				GCC_OPTIMIZATION_LEVEL = 0;
				GCC_PREPROCESSOR_DEFINITIONS = (
					"DEBUG=1",
					"$(inherited)",
				);
				GCC_WARN_64_TO_32_BIT_CONVERSION = YES;
				GCC_WARN_ABOUT_RETURN_TYPE = YES_ERROR;
				GCC_WARN_UNDECLARED_SELECTOR = YES;
				GCC_WARN_UNINITIALIZED_AUTOS = YES_AGGRESSIVE;
				GCC_WARN_UNUSED_FUNCTION = YES;
				GCC_WARN_UNUSED_VARIABLE = YES;
				IPHONEOS_DEPLOYMENT_TARGET = 9.3;
				MTL_ENABLE_DEBUG_INFO = YES;
				ONLY_ACTIVE_ARCH = YES;
				SDKROOT = iphoneos;
				SWIFT_OPTIMIZATION_LEVEL = "-Onone";
			};
			name = Debug;
		};
		D4559CDE1D5EA6B300CA3FBE /* Release */ = {
			isa = XCBuildConfiguration;
			buildSettings = {
				ALWAYS_SEARCH_USER_PATHS = NO;
				CLANG_ANALYZER_NONNULL = YES;
				CLANG_CXX_LANGUAGE_STANDARD = "gnu++0x";
				CLANG_CXX_LIBRARY = "libc++";
				CLANG_ENABLE_MODULES = YES;
				CLANG_ENABLE_OBJC_ARC = YES;
				CLANG_WARN_BOOL_CONVERSION = YES;
				CLANG_WARN_CONSTANT_CONVERSION = YES;
				CLANG_WARN_DIRECT_OBJC_ISA_USAGE = YES_ERROR;
				CLANG_WARN_EMPTY_BODY = YES;
				CLANG_WARN_ENUM_CONVERSION = YES;
				CLANG_WARN_INT_CONVERSION = YES;
				CLANG_WARN_OBJC_ROOT_CLASS = YES_ERROR;
				CLANG_WARN_UNREACHABLE_CODE = YES;
				CLANG_WARN__DUPLICATE_METHOD_MATCH = YES;
				"CODE_SIGN_IDENTITY[sdk=iphoneos*]" = "iPhone Developer";
				COPY_PHASE_STRIP = NO;
				DEBUG_INFORMATION_FORMAT = "dwarf-with-dsym";
				ENABLE_NS_ASSERTIONS = NO;
				ENABLE_STRICT_OBJC_MSGSEND = YES;
				GCC_C_LANGUAGE_STANDARD = gnu99;
				GCC_NO_COMMON_BLOCKS = YES;
				GCC_WARN_64_TO_32_BIT_CONVERSION = YES;
				GCC_WARN_ABOUT_RETURN_TYPE = YES_ERROR;
				GCC_WARN_UNDECLARED_SELECTOR = YES;
				GCC_WARN_UNINITIALIZED_AUTOS = YES_AGGRESSIVE;
				GCC_WARN_UNUSED_FUNCTION = YES;
				GCC_WARN_UNUSED_VARIABLE = YES;
				IPHONEOS_DEPLOYMENT_TARGET = 9.3;
				MTL_ENABLE_DEBUG_INFO = NO;
				SDKROOT = iphoneos;
				VALIDATE_PRODUCT = YES;
			};
			name = Release;
		};
		D4559CE01D5EA6B300CA3FBE /* Debug */ = {
			isa = XCBuildConfiguration;
			buildSettings = {
				ASSETCATALOG_COMPILER_APPICON_NAME = AppIcon;
				INFOPLIST_FILE = "Star Wars: The API Awakens/Info.plist";
				LD_RUNPATH_SEARCH_PATHS = "$(inherited) @executable_path/Frameworks";
				PRODUCT_BUNDLE_IDENTIFIER = "com.jsherratt.Star-Wars--The-API-Awakens";
				PRODUCT_NAME = "$(TARGET_NAME)";
			};
			name = Debug;
		};
		D4559CE11D5EA6B300CA3FBE /* Release */ = {
			isa = XCBuildConfiguration;
			buildSettings = {
				ASSETCATALOG_COMPILER_APPICON_NAME = AppIcon;
				INFOPLIST_FILE = "Star Wars: The API Awakens/Info.plist";
				LD_RUNPATH_SEARCH_PATHS = "$(inherited) @executable_path/Frameworks";
				PRODUCT_BUNDLE_IDENTIFIER = "com.jsherratt.Star-Wars--The-API-Awakens";
				PRODUCT_NAME = "$(TARGET_NAME)";
			};
			name = Release;
		};
/* End XCBuildConfiguration section */

/* Begin XCConfigurationList section */
		D4559CC81D5EA6B300CA3FBE /* Build configuration list for PBXProject "Star Wars: The API Awakens" */ = {
			isa = XCConfigurationList;
			buildConfigurations = (
				D4559CDD1D5EA6B300CA3FBE /* Debug */,
				D4559CDE1D5EA6B300CA3FBE /* Release */,
			);
			defaultConfigurationIsVisible = 0;
			defaultConfigurationName = Release;
		};
		D4559CDF1D5EA6B300CA3FBE /* Build configuration list for PBXNativeTarget "Star Wars: The API Awakens" */ = {
			isa = XCConfigurationList;
			buildConfigurations = (
				D4559CE01D5EA6B300CA3FBE /* Debug */,
				D4559CE11D5EA6B300CA3FBE /* Release */,
			);
			defaultConfigurationIsVisible = 0;
		};
/* End XCConfigurationList section */
	};
	rootObject = D4559CC51D5EA6B300CA3FBE /* Project object */;
}
